
Microsoft Visual Studio Solution File, Format Version 12.00
# Visual Studio Version 16
VisualStudioVersion = 16.0.30011.22
MinimumVisualStudioVersion = 10.0.40219.1
Project("{FAE04EC0-301F-11D3-BF4B-00C04F79EFBC}") = "Shaip.Agency.ServerSide", "Shaip.Agency.ServerSide\Shaip.Agency.ServerSide.csproj", "{EC57C938-6808-4656-B255-C2E60148000F}"
EndProject
Project("{9A19103F-16F7-4668-BE54-9A1E7A4F7556}") = "DevExpress.Blazor.DocumentMetadata", "DevExpress.Blazor.DocumentMetadata\DevExpress.Blazor.DocumentMetadata.csproj", "{C16B4C19-03A5-45A4-BE47-CAEF91AB97FD}"
EndProject
Global
	GlobalSection(SolutionConfigurationPlatforms) = preSolution
		Debug|Any CPU = Debug|Any CPU
		Release|Any CPU = Release|Any CPU
	EndGlobalSection
	GlobalSection(ProjectConfigurationPlatforms) = postSolution
		{EC57C938-6808-4656-B255-C2E60148000F}.Debug|Any CPU.ActiveCfg = Debug|Any CPU
		{EC57C938-6808-4656-B255-C2E60148000F}.Debug|Any CPU.Build.0 = Debug|Any CPU
		{EC57C938-6808-4656-B255-C2E60148000F}.Release|Any CPU.ActiveCfg = Release|Any CPU
		{EC57C938-6808-4656-B255-C2E60148000F}.Release|Any CPU.Build.0 = Release|Any CPU
		{C16B4C19-03A5-45A4-BE47-CAEF91AB97FD}.Debug|Any CPU.ActiveCfg = Debug|Any CPU
		{C16B4C19-03A5-45A4-BE47-CAEF91AB97FD}.Debug|Any CPU.Build.0 = Debug|Any CPU
		{C16B4C19-03A5-45A4-BE47-CAEF91AB97FD}.Release|Any CPU.ActiveCfg = Release|Any CPU
		{C16B4C19-03A5-45A4-BE47-CAEF91AB97FD}.Release|Any CPU.Build.0 = Release|Any CPU
	EndGlobalSection
	GlobalSection(SolutionProperties) = preSolution
		HideSolutionNode = FALSE
	EndGlobalSection
	GlobalSection(ExtensibilityGlobals) = postSolution
		SolutionGuid = {FA1EF50A-CCB8-464F-AAFD-7B1066F4E336}
	EndGlobalSection
EndGlobal
